// !$*UTF8*$!
{
	archiveVersion = 1;
	classes = {
	};
	objectVersion = 55;
	objects = {

/* Begin PBXBuildFile section */
		DC93EFE527B448B600A7C330 /* AppDelegate.swift in Sources */ = {isa = PBXBuildFile; fileRef = DC93EFE427B448B600A7C330 /* AppDelegate.swift */; };
		DC93EFE727B448B600A7C330 /* SceneDelegate.swift in Sources */ = {isa = PBXBuildFile; fileRef = DC93EFE627B448B600A7C330 /* SceneDelegate.swift */; };
		DC93EFE927B448B600A7C330 /* ViewController.swift in Sources */ = {isa = PBXBuildFile; fileRef = DC93EFE827B448B600A7C330 /* ViewController.swift */; };
		DC93EFEC27B448B600A7C330 /* Main.storyboard in Resources */ = {isa = PBXBuildFile; fileRef = DC93EFEA27B448B600A7C330 /* Main.storyboard */; };
		DC93EFEE27B448B900A7C330 /* Assets.xcassets in Resources */ = {isa = PBXBuildFile; fileRef = DC93EFED27B448B900A7C330 /* Assets.xcassets */; };
		DC93EFF127B448B900A7C330 /* LaunchScreen.storyboard in Resources */ = {isa = PBXBuildFile; fileRef = DC93EFEF27B448B900A7C330 /* LaunchScreen.storyboard */; };
		DC93F00227BA8EC000A7C330 /* StoreKit.framework in Frameworks */ = {isa = PBXBuildFile; fileRef = DC93F00127BA8EC000A7C330 /* StoreKit.framework */; };
		DC93F00427BA8EDF00A7C330 /* libz.tbd in Frameworks */ = {isa = PBXBuildFile; fileRef = DC93F00327BA8EDF00A7C330 /* libz.tbd */; };
		DC93F00627BA8EE800A7C330 /* libsqlite3.0.tbd in Frameworks */ = {isa = PBXBuildFile; fileRef = DC93F00527BA8EE800A7C330 /* libsqlite3.0.tbd */; };
		DC93F00A27BA8F2900A7C330 /* Foundation.framework in Frameworks */ = {isa = PBXBuildFile; fileRef = DC93F00927BA8F2900A7C330 /* Foundation.framework */; };
		DC93F00C27BA8F3000A7C330 /* WebKit.framework in Frameworks */ = {isa = PBXBuildFile; fileRef = DC93F00B27BA8F3000A7C330 /* WebKit.framework */; };
		DC93F00E27BA8F3A00A7C330 /* iAd.framework in Frameworks */ = {isa = PBXBuildFile; fileRef = DC93F00D27BA8F3A00A7C330 /* iAd.framework */; };
		DC93F01027BA8F6400A7C330 /* SystemConfiguration.framework in Frameworks */ = {isa = PBXBuildFile; fileRef = DC93F00F27BA8F6400A7C330 /* SystemConfiguration.framework */; };
/* End PBXBuildFile section */

/* Begin PBXFileReference section */
		DC93EFE127B448B600A7C330 /* iBeaconListener.app */ = {isa = PBXFileReference; explicitFileType = wrapper.application; includeInIndex = 0; path = iBeaconListener.app; sourceTree = BUILT_PRODUCTS_DIR; };
		DC93EFE427B448B600A7C330 /* AppDelegate.swift */ = {isa = PBXFileReference; lastKnownFileType = sourcecode.swift; path = AppDelegate.swift; sourceTree = "<group>"; };
		DC93EFE627B448B600A7C330 /* SceneDelegate.swift */ = {isa = PBXFileReference; lastKnownFileType = sourcecode.swift; path = SceneDelegate.swift; sourceTree = "<group>"; };
		DC93EFE827B448B600A7C330 /* ViewController.swift */ = {isa = PBXFileReference; lastKnownFileType = sourcecode.swift; path = ViewController.swift; sourceTree = "<group>"; };
		DC93EFEB27B448B600A7C330 /* Base */ = {isa = PBXFileReference; lastKnownFileType = file.storyboard; name = Base; path = Base.lproj/Main.storyboard; sourceTree = "<group>"; };
		DC93EFED27B448B900A7C330 /* Assets.xcassets */ = {isa = PBXFileReference; lastKnownFileType = folder.assetcatalog; path = Assets.xcassets; sourceTree = "<group>"; };
		DC93EFF027B448B900A7C330 /* Base */ = {isa = PBXFileReference; lastKnownFileType = file.storyboard; name = Base; path = Base.lproj/LaunchScreen.storyboard; sourceTree = "<group>"; };
		DC93EFF227B448B900A7C330 /* Info.plist */ = {isa = PBXFileReference; lastKnownFileType = text.plist.xml; path = Info.plist; sourceTree = "<group>"; };
		DC93F00127BA8EC000A7C330 /* StoreKit.framework */ = {isa = PBXFileReference; lastKnownFileType = wrapper.framework; name = StoreKit.framework; path = System/Library/Frameworks/StoreKit.framework; sourceTree = SDKROOT; };
		DC93F00327BA8EDF00A7C330 /* libz.tbd */ = {isa = PBXFileReference; lastKnownFileType = "sourcecode.text-based-dylib-definition"; name = libz.tbd; path = usr/lib/libz.tbd; sourceTree = SDKROOT; };
		DC93F00527BA8EE800A7C330 /* libsqlite3.0.tbd */ = {isa = PBXFileReference; lastKnownFileType = "sourcecode.text-based-dylib-definition"; name = libsqlite3.0.tbd; path = usr/lib/libsqlite3.0.tbd; sourceTree = SDKROOT; };
		DC93F00727BA8F0200A7C330 /* CFNetwork.framework */ = {isa = PBXFileReference; lastKnownFileType = wrapper.framework; name = CFNetwork.framework; path = System/Library/Frameworks/CFNetwork.framework; sourceTree = SDKROOT; };
		DC93F00927BA8F2900A7C330 /* Foundation.framework */ = {isa = PBXFileReference; lastKnownFileType = wrapper.framework; name = Foundation.framework; path = System/Library/Frameworks/Foundation.framework; sourceTree = SDKROOT; };
		DC93F00B27BA8F3000A7C330 /* WebKit.framework */ = {isa = PBXFileReference; lastKnownFileType = wrapper.framework; name = WebKit.framework; path = System/Library/Frameworks/WebKit.framework; sourceTree = SDKROOT; };
		DC93F00D27BA8F3A00A7C330 /* iAd.framework */ = {isa = PBXFileReference; lastKnownFileType = wrapper.framework; name = iAd.framework; path = System/Library/Frameworks/iAd.framework; sourceTree = SDKROOT; };
		DC93F00F27BA8F6400A7C330 /* SystemConfiguration.framework */ = {isa = PBXFileReference; lastKnownFileType = wrapper.framework; name = SystemConfiguration.framework; path = System/Library/Frameworks/SystemConfiguration.framework; sourceTree = SDKROOT; };
/* End PBXFileReference section */

/* Begin PBXFrameworksBuildPhase section */
		DC93EFDE27B448B600A7C330 /* Frameworks */ = {
			isa = PBXFrameworksBuildPhase;
			buildActionMask = 2147483647;
			files = (
				DC93F01027BA8F6400A7C330 /* SystemConfiguration.framework in Frameworks */,
				DC93F00E27BA8F3A00A7C330 /* iAd.framework in Frameworks */,
				DC93F00C27BA8F3000A7C330 /* WebKit.framework in Frameworks */,
				DC93F00A27BA8F2900A7C330 /* Foundation.framework in Frameworks */,
				DC93F00627BA8EE800A7C330 /* libsqlite3.0.tbd in Frameworks */,
				DC93F00427BA8EDF00A7C330 /* libz.tbd in Frameworks */,
				DC93F00227BA8EC000A7C330 /* StoreKit.framework in Frameworks */,
			);
			runOnlyForDeploymentPostprocessing = 0;
		};
/* End PBXFrameworksBuildPhase section */

/* Begin PBXGroup section */
		DC93EFD827B448B600A7C330 = {
			isa = PBXGroup;
			children = (
				DC93EFE327B448B600A7C330 /* iBeaconListener */,
				DC93EFE227B448B600A7C330 /* Products */,
				DC93F00027BA8EC000A7C330 /* Frameworks */,
			);
			sourceTree = "<group>";
		};
		DC93EFE227B448B600A7C330 /* Products */ = {
			isa = PBXGroup;
			children = (
				DC93EFE127B448B600A7C330 /* iBeaconListener.app */,
			);
			name = Products;
			sourceTree = "<group>";
		};
		DC93EFE327B448B600A7C330 /* iBeaconListener */ = {
			isa = PBXGroup;
			children = (
				DC93EFE427B448B600A7C330 /* AppDelegate.swift */,
				DC93EFE627B448B600A7C330 /* SceneDelegate.swift */,
				DC93EFE827B448B600A7C330 /* ViewController.swift */,
				DC93EFEA27B448B600A7C330 /* Main.storyboard */,
				DC93EFED27B448B900A7C330 /* Assets.xcassets */,
				DC93EFEF27B448B900A7C330 /* LaunchScreen.storyboard */,
				DC93EFF227B448B900A7C330 /* Info.plist */,
			);
			path = iBeaconListener;
			sourceTree = "<group>";
		};
		DC93F00027BA8EC000A7C330 /* Frameworks */ = {
			isa = PBXGroup;
			children = (
				DC93F00F27BA8F6400A7C330 /* SystemConfiguration.framework */,
				DC93F00D27BA8F3A00A7C330 /* iAd.framework */,
				DC93F00B27BA8F3000A7C330 /* WebKit.framework */,
				DC93F00927BA8F2900A7C330 /* Foundation.framework */,
				DC93F00727BA8F0200A7C330 /* CFNetwork.framework */,
				DC93F00527BA8EE800A7C330 /* libsqlite3.0.tbd */,
				DC93F00327BA8EDF00A7C330 /* libz.tbd */,
				DC93F00127BA8EC000A7C330 /* StoreKit.framework */,
			);
			name = Frameworks;
			sourceTree = "<group>";
		};
/* End PBXGroup section */

/* Begin PBXNativeTarget section */
		DC93EFE027B448B600A7C330 /* iBeaconListener */ = {
			isa = PBXNativeTarget;
			buildConfigurationList = DC93EFF527B448B900A7C330 /* Build configuration list for PBXNativeTarget "iBeaconListener" */;
			buildPhases = (
				DC93EFDD27B448B600A7C330 /* Sources */,
				DC93EFDE27B448B600A7C330 /* Frameworks */,
				DC93EFDF27B448B600A7C330 /* Resources */,
			);
			buildRules = (
			);
			dependencies = (
			);
			name = iBeaconListener;
			productName = iBeaconListener;
			productReference = DC93EFE127B448B600A7C330 /* iBeaconListener.app */;
			productType = "com.apple.product-type.application";
		};
/* End PBXNativeTarget section */

/* Begin PBXProject section */
		DC93EFD927B448B600A7C330 /* Project object */ = {
			isa = PBXProject;
			attributes = {
				BuildIndependentTargetsInParallel = 1;
				LastSwiftUpdateCheck = 1320;
				LastUpgradeCheck = 1320;
				TargetAttributes = {
					DC93EFE027B448B600A7C330 = {
						CreatedOnToolsVersion = 13.2.1;
					};
				};
			};
			buildConfigurationList = DC93EFDC27B448B600A7C330 /* Build configuration list for PBXProject "iBeaconListener" */;
			compatibilityVersion = "Xcode 13.0";
			developmentRegion = en;
			hasScannedForEncodings = 0;
			knownRegions = (
				en,
				Base,
			);
			mainGroup = DC93EFD827B448B600A7C330;
			productRefGroup = DC93EFE227B448B600A7C330 /* Products */;
			projectDirPath = "";
			projectRoot = "";
			targets = (
				DC93EFE027B448B600A7C330 /* iBeaconListener */,
			);
		};
/* End PBXProject section */

/* Begin PBXResourcesBuildPhase section */
		DC93EFDF27B448B600A7C330 /* Resources */ = {
			isa = PBXResourcesBuildPhase;
			buildActionMask = 2147483647;
			files = (
				DC93EFF127B448B900A7C330 /* LaunchScreen.storyboard in Resources */,
				DC93EFEE27B448B900A7C330 /* Assets.xcassets in Resources */,
				DC93EFEC27B448B600A7C330 /* Main.storyboard in Resources */,
			);
			runOnlyForDeploymentPostprocessing = 0;
		};
/* End PBXResourcesBuildPhase section */

/* Begin PBXSourcesBuildPhase section */
		DC93EFDD27B448B600A7C330 /* Sources */ = {
			isa = PBXSourcesBuildPhase;
			buildActionMask = 2147483647;
			files = (
				DC93EFE927B448B600A7C330 /* ViewController.swift in Sources */,
				DC93EFE527B448B600A7C330 /* AppDelegate.swift in Sources */,
				DC93EFE727B448B600A7C330 /* SceneDelegate.swift in Sources */,
			);
			runOnlyForDeploymentPostprocessing = 0;
		};
/* End PBXSourcesBuildPhase section */

/* Begin PBXVariantGroup section */
		DC93EFEA27B448B600A7C330 /* Main.storyboard */ = {
			isa = PBXVariantGroup;
			children = (
				DC93EFEB27B448B600A7C330 /* Base */,
			);
			name = Main.storyboard;
			sourceTree = "<group>";
		};
		DC93EFEF27B448B900A7C330 /* LaunchScreen.storyboard */ = {
			isa = PBXVariantGroup;
			children = (
				DC93EFF027B448B900A7C330 /* Base */,
			);
			name = LaunchScreen.storyboard;
			sourceTree = "<group>";
		};
/* End PBXVariantGroup section */

/* Begin XCBuildConfiguration section */
		DC93EFF327B448B900A7C330 /* Debug */ = {
			isa = XCBuildConfiguration;
			buildSettings = {
				ALWAYS_SEARCH_USER_PATHS = NO;
				CLANG_ANALYZER_NONNULL = YES;
				CLANG_ANALYZER_NUMBER_OBJECT_CONVERSION = YES_AGGRESSIVE;
				CLANG_CXX_LANGUAGE_STANDARD = "gnu++17";
				CLANG_CXX_LIBRARY = "libc++";
				CLANG_ENABLE_MODULES = YES;
				CLANG_ENABLE_OBJC_ARC = YES;
				CLANG_ENABLE_OBJC_WEAK = YES;
				CLANG_WARN_BLOCK_CAPTURE_AUTORELEASING = YES;
				CLANG_WARN_BOOL_CONVERSION = YES;
				CLANG_WARN_COMMA = YES;
				CLANG_WARN_CONSTANT_CONVERSION = YES;
				CLANG_WARN_DEPRECATED_OBJC_IMPLEMENTATIONS = YES;
				CLANG_WARN_DIRECT_OBJC_ISA_USAGE = YES_ERROR;
				CLANG_WARN_DOCUMENTATION_COMMENTS = YES;
				CLANG_WARN_EMPTY_BODY = YES;
				CLANG_WARN_ENUM_CONVERSION = YES;
				CLANG_WARN_INFINITE_RECURSION = YES;
				CLANG_WARN_INT_CONVERSION = YES;
				CLANG_WARN_NON_LITERAL_NULL_CONVERSION = YES;
				CLANG_WARN_OBJC_IMPLICIT_RETAIN_SELF = YES;
				CLANG_WARN_OBJC_LITERAL_CONVERSION = YES;
				CLANG_WARN_OBJC_ROOT_CLASS = YES_ERROR;
				CLANG_WARN_QUOTED_INCLUDE_IN_FRAMEWORK_HEADER = YES;
				CLANG_WARN_RANGE_LOOP_ANALYSIS = YES;
				CLANG_WARN_STRICT_PROTOTYPES = YES;
				CLANG_WARN_SUSPICIOUS_MOVE = YES;
				CLANG_WARN_UNGUARDED_AVAILABILITY = YES_AGGRESSIVE;
				CLANG_WARN_UNREACHABLE_CODE = YES;
				CLANG_WARN__DUPLICATE_METHOD_MATCH = YES;
				COPY_PHASE_STRIP = NO;
				DEBUG_INFORMATION_FORMAT = dwarf;
				ENABLE_STRICT_OBJC_MSGSEND = YES;
				ENABLE_TESTABILITY = YES;
				GCC_C_LANGUAGE_STANDARD = gnu11;
				GCC_DYNAMIC_NO_PIC = NO;
				GCC_NO_COMMON_BLOCKS = YES;
				GCC_OPTIMIZATION_LEVEL = 0;
				GCC_PREPROCESSOR_DEFINITIONS = (
					"DEBUG=1",
					"$(inherited)",
				);
				GCC_WARN_64_TO_32_BIT_CONVERSION = YES;
				GCC_WARN_ABOUT_RETURN_TYPE = YES_ERROR;
				GCC_WARN_UNDECLARED_SELECTOR = YES;
				GCC_WARN_UNINITIALIZED_AUTOS = YES_AGGRESSIVE;
				GCC_WARN_UNUSED_FUNCTION = YES;
				GCC_WARN_UNUSED_VARIABLE = YES;
				IPHONEOS_DEPLOYMENT_TARGET = 15.2;
				MTL_ENABLE_DEBUG_INFO = INCLUDE_SOURCE;
				MTL_FAST_MATH = YES;
				ONLY_ACTIVE_ARCH = YES;
				SDKROOT = iphoneos;
				SWIFT_ACTIVE_COMPILATION_CONDITIONS = DEBUG;
				SWIFT_OPTIMIZATION_LEVEL = "-Onone";
			};
			name = Debug;
		};
		DC93EFF427B448B900A7C330 /* Release */ = {
			isa = XCBuildConfiguration;
			buildSettings = {
				ALWAYS_SEARCH_USER_PATHS = NO;
				CLANG_ANALYZER_NONNULL = YES;
				CLANG_ANALYZER_NUMBER_OBJECT_CONVERSION = YES_AGGRESSIVE;
				CLANG_CXX_LANGUAGE_STANDARD = "gnu++17";
				CLANG_CXX_LIBRARY = "libc++";
				CLANG_ENABLE_MODULES = YES;
				CLANG_ENABLE_OBJC_ARC = YES;
				CLANG_ENABLE_OBJC_WEAK = YES;
				CLANG_WARN_BLOCK_CAPTURE_AUTORELEASING = YES;
				CLANG_WARN_BOOL_CONVERSION = YES;
				CLANG_WARN_COMMA = YES;
				CLANG_WARN_CONSTANT_CONVERSION = YES;
				CLANG_WARN_DEPRECATED_OBJC_IMPLEMENTATIONS = YES;
				CLANG_WARN_DIRECT_OBJC_ISA_USAGE = YES_ERROR;
				CLANG_WARN_DOCUMENTATION_COMMENTS = YES;
				CLANG_WARN_EMPTY_BODY = YES;
				CLANG_WARN_ENUM_CONVERSION = YES;
				CLANG_WARN_INFINITE_RECURSION = YES;
				CLANG_WARN_INT_CONVERSION = YES;
				CLANG_WARN_NON_LITERAL_NULL_CONVERSION = YES;
				CLANG_WARN_OBJC_IMPLICIT_RETAIN_SELF = YES;
				CLANG_WARN_OBJC_LITERAL_CONVERSION = YES;
				CLANG_WARN_OBJC_ROOT_CLASS = YES_ERROR;
				CLANG_WARN_QUOTED_INCLUDE_IN_FRAMEWORK_HEADER = YES;
				CLANG_WARN_RANGE_LOOP_ANALYSIS = YES;
				CLANG_WARN_STRICT_PROTOTYPES = YES;
				CLANG_WARN_SUSPICIOUS_MOVE = YES;
				CLANG_WARN_UNGUARDED_AVAILABILITY = YES_AGGRESSIVE;
				CLANG_WARN_UNREACHABLE_CODE = YES;
				CLANG_WARN__DUPLICATE_METHOD_MATCH = YES;
				COPY_PHASE_STRIP = NO;
				DEBUG_INFORMATION_FORMAT = "dwarf-with-dsym";
				ENABLE_NS_ASSERTIONS = NO;
				ENABLE_STRICT_OBJC_MSGSEND = YES;
				GCC_C_LANGUAGE_STANDARD = gnu11;
				GCC_NO_COMMON_BLOCKS = YES;
				GCC_WARN_64_TO_32_BIT_CONVERSION = YES;
				GCC_WARN_ABOUT_RETURN_TYPE = YES_ERROR;
				GCC_WARN_UNDECLARED_SELECTOR = YES;
				GCC_WARN_UNINITIALIZED_AUTOS = YES_AGGRESSIVE;
				GCC_WARN_UNUSED_FUNCTION = YES;
				GCC_WARN_UNUSED_VARIABLE = YES;
				IPHONEOS_DEPLOYMENT_TARGET = 15.2;
				MTL_ENABLE_DEBUG_INFO = NO;
				MTL_FAST_MATH = YES;
				SDKROOT = iphoneos;
				SWIFT_COMPILATION_MODE = wholemodule;
				SWIFT_OPTIMIZATION_LEVEL = "-O";
				VALIDATE_PRODUCT = YES;
			};
			name = Release;
		};
		DC93EFF627B448B900A7C330 /* Debug */ = {
			isa = XCBuildConfiguration;
			buildSettings = {
				ASSETCATALOG_COMPILER_APPICON_NAME = AppIcon;
				ASSETCATALOG_COMPILER_GLOBAL_ACCENT_COLOR_NAME = AccentColor;
				CODE_SIGN_STYLE = Automatic;
				CURRENT_PROJECT_VERSION = 1;
				DEVELOPMENT_TEAM = DZG6XY7PWJ;
				FRAMEWORK_SEARCH_PATHS = (
					"$(inherited)",
					"$(PROJECT_DIR)",
				);
				GENERATE_INFOPLIST_FILE = YES;
				INFOPLIST_FILE = iBeaconListener/Info.plist;
				INFOPLIST_KEY_NSLocationAlwaysAndWhenInUseUsageDescription = "The app needs to know where you are to test beacon";
				INFOPLIST_KEY_NSLocationWhenInUseUsageDescription = "The app needs to know where you are to test beacon";
				INFOPLIST_KEY_UIApplicationSupportsIndirectInputEvents = YES;
				INFOPLIST_KEY_UILaunchStoryboardName = LaunchScreen;
				INFOPLIST_KEY_UIMainStoryboardFile = Main;
				INFOPLIST_KEY_UISupportedInterfaceOrientations_iPad = "UIInterfaceOrientationPortrait UIInterfaceOrientationPortraitUpsideDown UIInterfaceOrientationLandscapeLeft UIInterfaceOrientationLandscapeRight";
				INFOPLIST_KEY_UISupportedInterfaceOrientations_iPhone = "UIInterfaceOrientationPortrait UIInterfaceOrientationLandscapeLeft UIInterfaceOrientationLandscapeRight";
				LD_RUNPATH_SEARCH_PATHS = (
					"$(inherited)",
					"@executable_path/Frameworks",
				);
				MARKETING_VERSION = 1.0;
				PRODUCT_BUNDLE_IDENTIFIER = com.singular.singularsampleapp4.iBeaconAdvertiser;
				PRODUCT_NAME = "$(TARGET_NAME)";
				SWIFT_EMIT_LOC_STRINGS = YES;
				SWIFT_VERSION = 5.0;
				TARGETED_DEVICE_FAMILY = "1,2";
			};
			name = Debug;
		};
		DC93EFF727B448B900A7C330 /* Release */ = {
			isa = XCBuildConfiguration;
			buildSettings = {
				ASSETCATALOG_COMPILER_APPICON_NAME = AppIcon;
				ASSETCATALOG_COMPILER_GLOBAL_ACCENT_COLOR_NAME = AccentColor;
				CODE_SIGN_STYLE = Automatic;
				CURRENT_PROJECT_VERSION = 1;
				DEVELOPMENT_TEAM = DZG6XY7PWJ;
				FRAMEWORK_SEARCH_PATHS = (
					"$(inherited)",
					"$(PROJECT_DIR)",
				);
				GENERATE_INFOPLIST_FILE = YES;
				INFOPLIST_FILE = iBeaconListener/Info.plist;
				INFOPLIST_KEY_NSLocationAlwaysAndWhenInUseUsageDescription = "The app needs to know where you are to test beacon";
				INFOPLIST_KEY_NSLocationWhenInUseUsageDescription = "The app needs to know where you are to test beacon";
				INFOPLIST_KEY_UIApplicationSupportsIndirectInputEvents = YES;
				INFOPLIST_KEY_UILaunchStoryboardName = LaunchScreen;
				INFOPLIST_KEY_UIMainStoryboardFile = Main;
				INFOPLIST_KEY_UISupportedInterfaceOrientations_iPad = "UIInterfaceOrientationPortrait UIInterfaceOrientationPortraitUpsideDown UIInterfaceOrientationLandscapeLeft UIInterfaceOrientationLandscapeRight";
				INFOPLIST_KEY_UISupportedInterfaceOrientations_iPhone = "UIInterfaceOrientationPortrait UIInterfaceOrientationLandscapeLeft UIInterfaceOrientationLandscapeRight";
				LD_RUNPATH_SEARCH_PATHS = (
					"$(inherited)",
					"@executable_path/Frameworks",
				);
				MARKETING_VERSION = 1.0;
				PRODUCT_BUNDLE_IDENTIFIER = com.singular.singularsampleapp4.iBeaconAdvertiser;
				PRODUCT_NAME = "$(TARGET_NAME)";
				SWIFT_EMIT_LOC_STRINGS = YES;
				SWIFT_VERSION = 5.0;
				TARGETED_DEVICE_FAMILY = "1,2";
			};
			name = Release;
		};
/* End XCBuildConfiguration section */

/* Begin XCConfigurationList section */
		DC93EFDC27B448B600A7C330 /* Build configuration list for PBXProject "iBeaconListener" */ = {
			isa = XCConfigurationList;
			buildConfigurations = (
				DC93EFF327B448B900A7C330 /* Debug */,
				DC93EFF427B448B900A7C330 /* Release */,
			);
			defaultConfigurationIsVisible = 0;
			defaultConfigurationName = Release;
		};
		DC93EFF527B448B900A7C330 /* Build configuration list for PBXNativeTarget "iBeaconListener" */ = {
			isa = XCConfigurationList;
			buildConfigurations = (
				DC93EFF627B448B900A7C330 /* Debug */,
				DC93EFF727B448B900A7C330 /* Release */,
			);
			defaultConfigurationIsVisible = 0;
			defaultConfigurationName = Release;
		};
/* End XCConfigurationList section */
	};
	rootObject = DC93EFD927B448B600A7C330 /* Project object */;
}
